
Microsoft Visual Studio Solution File, Format Version 12.00
Project("{2150E333-8FDC-42A3-9474-1A3956D46DE8}") = "src", "src", "{9E186780-ECED-4214-B6F4-FF1EF0AA4762}"
EndProject
Project("{2150E333-8FDC-42A3-9474-1A3956D46DE8}") = "test", "test", "{E07E5947-FDB8-4CCB-95E4-B53332D56A39}"
EndProject
Project("{2150E333-8FDC-42A3-9474-1A3956D46DE8}") = "Knowledge", "Knowledge", "{35B0ED05-34D7-4079-93D4-E2B25EAE0305}"
EndProject
Project("{2150E333-8FDC-42A3-9474-1A3956D46DE8}") = "Action", "Action", "{8B0F087F-2B82-4686-A42B-75AEA208D698}"
EndProject
Project("{2150E333-8FDC-42A3-9474-1A3956D46DE8}") = "Identity", "Identity", "{7B9B71D8-BF6D-4AE0-8540-13BB1CF21EAD}"
EndProject
Project("{2150E333-8FDC-42A3-9474-1A3956D46DE8}") = "Statistic", "Statistic", "{68F30460-8485-4FE2-BA2A-CB8D0D4E7B17}"
EndProject
Project("{2150E333-8FDC-42A3-9474-1A3956D46DE8}") = "Account", "Account", "{BE902E65-4832-4924-B379-D2C105A44665}"
EndProject
Project("{2150E333-8FDC-42A3-9474-1A3956D46DE8}") = "Role", "Role", "{86F90D09-C791-4BD8-8C06-8C0BB8DB4983}"
EndProject
Project("{2150E333-8FDC-42A3-9474-1A3956D46DE8}") = "Permission", "Permission", "{9D6256DF-0A8D-44D6-AA96-1F6B13F4055D}"
EndProject
Project("{2150E333-8FDC-42A3-9474-1A3956D46DE8}") = "SystemFunction", "SystemFunction", "{5ACBC70E-0211-4574-BA68-2CA033138D73}"
EndProject
Project("{FAE04EC0-301F-11D3-BF4B-00C04F79EFBC}") = "Account.Api", "src\Identity\Account\Account.Api\Account.Api.csproj", "{519B8BFA-C4C4-485D-9040-98D614F937A8}"
EndProject
Project("{FAE04EC0-301F-11D3-BF4B-00C04F79EFBC}") = "Account.Domain", "src\Identity\Account\Account.Domain\Account.Domain.csproj", "{032CE747-2013-45D2-A842-E736BB3DBFA6}"
EndProject
Project("{FAE04EC0-301F-11D3-BF4B-00C04F79EFBC}") = "Account.Infrastructure", "src\Identity\Account\Account.Infrastructure\Account.Infrastructure.csproj", "{12B76BF5-B0AE-4CFB-AD3F-247086280C2C}"
EndProject
Global
	GlobalSection(SolutionConfigurationPlatforms) = preSolution
		Debug|Any CPU = Debug|Any CPU
		Release|Any CPU = Release|Any CPU
	EndGlobalSection
	GlobalSection(NestedProjects) = preSolution
		{35B0ED05-34D7-4079-93D4-E2B25EAE0305} = {9E186780-ECED-4214-B6F4-FF1EF0AA4762}
		{8B0F087F-2B82-4686-A42B-75AEA208D698} = {9E186780-ECED-4214-B6F4-FF1EF0AA4762}
		{7B9B71D8-BF6D-4AE0-8540-13BB1CF21EAD} = {9E186780-ECED-4214-B6F4-FF1EF0AA4762}
		{68F30460-8485-4FE2-BA2A-CB8D0D4E7B17} = {9E186780-ECED-4214-B6F4-FF1EF0AA4762}
		{BE902E65-4832-4924-B379-D2C105A44665} = {7B9B71D8-BF6D-4AE0-8540-13BB1CF21EAD}
		{86F90D09-C791-4BD8-8C06-8C0BB8DB4983} = {7B9B71D8-BF6D-4AE0-8540-13BB1CF21EAD}
		{9D6256DF-0A8D-44D6-AA96-1F6B13F4055D} = {7B9B71D8-BF6D-4AE0-8540-13BB1CF21EAD}
		{5ACBC70E-0211-4574-BA68-2CA033138D73} = {7B9B71D8-BF6D-4AE0-8540-13BB1CF21EAD}
		{519B8BFA-C4C4-485D-9040-98D614F937A8} = {BE902E65-4832-4924-B379-D2C105A44665}
		{032CE747-2013-45D2-A842-E736BB3DBFA6} = {BE902E65-4832-4924-B379-D2C105A44665}
		{12B76BF5-B0AE-4CFB-AD3F-247086280C2C} = {BE902E65-4832-4924-B379-D2C105A44665}
	EndGlobalSection
	GlobalSection(ProjectConfigurationPlatforms) = postSolution
		{519B8BFA-C4C4-485D-9040-98D614F937A8}.Debug|Any CPU.ActiveCfg = Debug|Any CPU
		{519B8BFA-C4C4-485D-9040-98D614F937A8}.Debug|Any CPU.Build.0 = Debug|Any CPU
		{519B8BFA-C4C4-485D-9040-98D614F937A8}.Release|Any CPU.ActiveCfg = Release|Any CPU
		{519B8BFA-C4C4-485D-9040-98D614F937A8}.Release|Any CPU.Build.0 = Release|Any CPU
		{032CE747-2013-45D2-A842-E736BB3DBFA6}.Debug|Any CPU.ActiveCfg = Debug|Any CPU
		{032CE747-2013-45D2-A842-E736BB3DBFA6}.Debug|Any CPU.Build.0 = Debug|Any CPU
		{032CE747-2013-45D2-A842-E736BB3DBFA6}.Release|Any CPU.ActiveCfg = Release|Any CPU
		{032CE747-2013-45D2-A842-E736BB3DBFA6}.Release|Any CPU.Build.0 = Release|Any CPU
		{12B76BF5-B0AE-4CFB-AD3F-247086280C2C}.Debug|Any CPU.ActiveCfg = Debug|Any CPU
		{12B76BF5-B0AE-4CFB-AD3F-247086280C2C}.Debug|Any CPU.Build.0 = Debug|Any CPU
		{12B76BF5-B0AE-4CFB-AD3F-247086280C2C}.Release|Any CPU.ActiveCfg = Release|Any CPU
		{12B76BF5-B0AE-4CFB-AD3F-247086280C2C}.Release|Any CPU.Build.0 = Release|Any CPU
	EndGlobalSection
EndGlobal
